{
  "name": "nodefarm",
  "version": "1.0.0",
  "lockfileVersion": 1,
  "requires": true,
  "dependencies": {
    "esm-pathnames": {
      "version": "0.1.3",
      "resolved": "https://registry.npmjs.org/esm-pathnames/-/esm-pathnames-0.1.3.tgz",
      "integrity": "sha512-l0W6fwa1sQsU1aXnGi61w5pvs7Rcx8SY6vbx+1hSaRQ8FJ2vEERWbnR7y4eBJBh2x+qDuyxuGOU0fLoLwY6qNw=="
    }
  }
}
